
Microsoft Visual Studio Solution File, Format Version 12.00
# Visual Studio 15
VisualStudioVersion = 15.0.28010.2046
MinimumVisualStudioVersion = 10.0.40219.1
Project("{E24C65DC-7377-472B-9ABA-BC803B73C61A}") = "TecConstruye", "TecConstruye\", "{43964446-55CD-47D2-87BF-3708C49D3D22}"
	ProjectSection(WebsiteProperties) = preProject
		TargetFrameworkMoniker = ".NETFramework,Version%3Dv4.5"
		Debug.AspNetCompiler.VirtualPath = "/localhost_53122"
		Debug.AspNetCompiler.PhysicalPath = "TecConstruye\"
		Debug.AspNetCompiler.TargetPath = "PrecompiledWeb\localhost_53122\"
		Debug.AspNetCompiler.Updateable = "true"
		Debug.AspNetCompiler.ForceOverwrite = "true"
		Debug.AspNetCompiler.FixedNames = "false"
		Debug.AspNetCompiler.Debug = "True"
		Release.AspNetCompiler.VirtualPath = "/localhost_53122"
		Release.AspNetCompiler.PhysicalPath = "TecConstruye\"
		Release.AspNetCompiler.TargetPath = "PrecompiledWeb\localhost_53122\"
		Release.AspNetCompiler.Updateable = "true"
		Release.AspNetCompiler.ForceOverwrite = "true"
		Release.AspNetCompiler.FixedNames = "false"
		Release.AspNetCompiler.Debug = "False"
		VWDPort = "53122"
		SlnRelativePath = "TecConstruye\"
		DefaultWebSiteLanguage = "Visual C#"
	EndProjectSection
EndProject
Global
	GlobalSection(SolutionConfigurationPlatforms) = preSolution
		Debug|Any CPU = Debug|Any CPU
	EndGlobalSection
	GlobalSection(ProjectConfigurationPlatforms) = postSolution
		{43964446-55CD-47D2-87BF-3708C49D3D22}.Debug|Any CPU.ActiveCfg = Debug|Any CPU
		{43964446-55CD-47D2-87BF-3708C49D3D22}.Debug|Any CPU.Build.0 = Debug|Any CPU
	EndGlobalSection
	GlobalSection(SolutionProperties) = preSolution
		HideSolutionNode = FALSE
	EndGlobalSection
	GlobalSection(ExtensibilityGlobals) = postSolution
		SolutionGuid = {E7451549-3EF9-4597-A717-511BD393E2C7}
	EndGlobalSection
EndGlobal
